version = 1
revision = 3
requires-python = ">=3.14"

[[package]]
name = "attrs"
version = "26.1.0"
source = { registry = "https://pypi.org/simple" }
sdist = { url = "https://files.pythonhosted.org/packages/9a/8e/82a0fe20a541c03148528be8cac2408564a6c9a0cc7e9171802bc1d26985/attrs-26.1.0.tar.gz", hash = "sha256:d03ceb89cb322a8fd706d4fb91940737b6642aa36998fe130a9bc96c985eff32", size = 952055, upload-time = "2026-03-19T14:22:25.026Z" }
wheels = [
    { url = "https://files.pythonhosted.org/packages/64/b4/17d4b0b2a2dc85a6df63d1157e028ed19f90d4cd97c36717afef2bc2f395/attrs-26.1.0-py3-none-any.whl", hash = "sha256:c647aa4a12dfbad9333ca4e71fe62ddc36f4e63b2d260a37a8b83d2f043ac309", size = 67548, upload-time = "2026-03-19T14:22:23.645Z" },
]

[[package]]
name = "beautifulsoup4"
version = "4.14.3"
source = { registry = "https://pypi.org/simple" }
dependencies = [
    { name = "soupsieve" },
    { name = "typing-extensions" },
]
sdist = { url = "https://files.pythonhosted.org/packages/c3/b0/1c6a16426d389813b48d95e26898aff79abbde42ad353958ad95cc8c9b21/beautifulsoup4-4.14.3.tar.gz", hash = "sha256:6292b1c5186d356bba669ef9f7f051757099565ad9ada5dd630bd9de5fa7fb86", size = 627737, upload-time = "2025-11-30T15:08:26.084Z" }
wheels = [
    { url = "https://files.pythonhosted.org/packages/1a/39/47f9197bdd44df24d67ac8893641e16f386c984a0619ef2ee4c51fbbc019/beautifulsoup4-4.14.3-py3-none-any.whl", hash = "sha256:0918bfe44902e6ad8d57732ba310582e98da931428d231a5ecb9e7c703a735bb", size = 107721, upload-time = "2025-11-30T15:08:24.087Z" },
]

[[package]]
name = "colorama"
version = "0.4.6"
source = { registry = "https://pypi.org/simple" }
sdist = { url = "https://files.pythonhosted.org/packages/d8/53/6f443c9a4a8358a93a6792e2acffb9d9d5cb0a5cfd8802644b7b1c9a02e4/colorama-0.4.6.tar.gz", hash = "sha256:08695f5cb7ed6e0531a20572697297273c47b8cae5a63ffc6d6ed5c201be6e44", size = 27697, upload-time = "2022-10-25T02:36:22.414Z" }
wheels = [
    { url = "https://files.pythonhosted.org/packages/d1/d6/3965ed04c63042e047cb6a3e6ed1a63a35087b6a609aa3a15ed8ac56c221/colorama-0.4.6-py2.py3-none-any.whl", hash = "sha256:4f1d9991f5acc0ca119f9d443620b77f9d6b33703e51011c16baf57afb285fc6", size = 25335, upload-time = "2022-10-25T02:36:20.889Z" },
]

[[package]]
name = "cssselect"
version = "1.4.0"
source = { registry = "https://pypi.org/simple" }
sdist = { url = "https://files.pythonhosted.org/packages/ec/2e/cdfd8b01c37cbf4f9482eefd455853a3cf9c995029a46acd31dfaa9c1dd6/cssselect-1.4.0.tar.gz", hash = "sha256:fdaf0a1425e17dfe8c5cf66191d211b357cf7872ae8afc4c6762ddd8ac47fc92", size = 40589, upload-time = "2026-01-29T07:00:26.701Z" }
wheels = [
    { url = "https://files.pythonhosted.org/packages/20/0c/7bb51e3acfafd16c48875bf3db03607674df16f5b6ef8d056586af7e2b8b/cssselect-1.4.0-py3-none-any.whl", hash = "sha256:c0ec5c0191c8ee39fcc8afc1540331d8b55b0183478c50e9c8a79d44dbceb1d8", size = 18540, upload-time = "2026-01-29T07:00:24.994Z" },
]

[[package]]
name = "cyclopts"
version = "4.10.2"
source = { registry = "https://pypi.org/simple" }
dependencies = [
    { name = "attrs" },
    { name = "docstring-parser" },
    { name = "rich" },
    { name = "rich-rst" },
]
sdist = { url = "https://files.pythonhosted.org/packages/66/2c/fced34890f6e5a93a4b7afb2c71e8eee2a0719fb26193a0abf159ecb714d/cyclopts-4.10.2.tar.gz", hash = "sha256:d7b950457ef2563596d56331f80cbbbf86a2772535fb8b315c4f03bc7e6127f1", size = 166664, upload-time = "2026-04-08T23:57:45.805Z" }
wheels = [
    { url = "https://files.pythonhosted.org/packages/b4/bd/05055d8360cef0757d79367157f3b15c0a0715e81e08f86a04018ec045f0/cyclopts-4.10.2-py3-none-any.whl", hash = "sha256:a1f2d6f8f7afac9456b48f75a40b36658778ddc9c6d406b520d017ae32c990fe", size = 204314, upload-time = "2026-04-08T23:57:46.969Z" },
]

[[package]]
name = "docstring-parser"
version = "0.17.0"
source = { registry = "https://pypi.org/simple" }
sdist = { url = "https://files.pythonhosted.org/packages/b2/9d/c3b43da9515bd270df0f80548d9944e389870713cc1fe2b8fb35fe2bcefd/docstring_parser-0.17.0.tar.gz", hash = "sha256:583de4a309722b3315439bb31d64ba3eebada841f2e2cee23b99df001434c912", size = 27442, upload-time = "2025-07-21T07:35:01.868Z" }
wheels = [
    { url = "https://files.pythonhosted.org/packages/55/e2/2537ebcff11c1ee1ff17d8d0b6f4db75873e3b0fb32c2d4a2ee31ecb310a/docstring_parser-0.17.0-py3-none-any.whl", hash = "sha256:cf2569abd23dce8099b300f9b4fa8191e9582dda731fd533daf54c4551658708", size = 36896, upload-time = "2025-07-21T07:35:00.684Z" },
]

[[package]]
name = "docutils"
version = "0.22.4"
source = { registry = "https://pypi.org/simple" }
sdist = { url = "https://files.pythonhosted.org/packages/ae/b6/03bb70946330e88ffec97aefd3ea75ba575cb2e762061e0e62a213befee8/docutils-0.22.4.tar.gz", hash = "sha256:4db53b1fde9abecbb74d91230d32ab626d94f6badfc575d6db9194a49df29968", size = 2291750, upload-time = "2025-12-18T19:00:26.443Z" }
wheels = [
    { url = "https://files.pythonhosted.org/packages/02/10/5da547df7a391dcde17f59520a231527b8571e6f46fc8efb02ccb370ab12/docutils-0.22.4-py3-none-any.whl", hash = "sha256:d0013f540772d1420576855455d050a2180186c91c15779301ac2ccb3eeb68de", size = 633196, upload-time = "2025-12-18T19:00:18.077Z" },
]

[[package]]
name = "eco2"
version = "0.9.0"
source = { git = "https://github.com/beskep/ECO2#90de62333ce3cb9b9be2cd86d2960eda905d1e6a" }
dependencies = [
    { name = "cyclopts" },
    { name = "lxml" },
    { name = "rich" },
    { name = "structlog" },
]

[[package]]
name = "eco2doe"
version = "0.1.0"
source = { editable = "." }
dependencies = [
    { name = "colorama" },
    { name = "eco2" },
    { name = "fastexcel" },
    { name = "more-itertools" },
    { name = "polars" },
    { name = "structlog" },
    { name = "xlsxwriter" },
]

[package.dev-dependencies]
dev = [
    { name = "pytest" },
    { name = "ruff" },
    { name = "ty" },
    { name = "types-lxml" },
]

[package.metadata]
requires-dist = [
    { name = "colorama", specifier = ">=0.4.6" },
    { name = "eco2", git = "https://github.com/beskep/ECO2" },
    { name = "fastexcel", specifier = ">=0.19.0" },
    { name = "more-itertools", specifier = ">=10.8.0" },
    { name = "polars", specifier = ">=1.38.1" },
    { name = "structlog", specifier = ">=25.5.0" },
    { name = "xlsxwriter", specifier = ">=3.2.9" },
]

[package.metadata.requires-dev]
dev = [
    { name = "pytest", specifier = ">=9.0.2" },
    { name = "ruff", specifier = ">=0.15.5" },
    { name = "ty", specifier = ">=0.0.21" },
    { name = "types-lxml", specifier = ">=2026.2.16" },
]

[[package]]
name = "fastexcel"
version = "0.19.0"
source = { registry = "https://pypi.org/simple" }
sdist = { url = "https://files.pythonhosted.org/packages/0d/c8/3b09911348e9c64dbf41096d3e8f0e93c141a23990ec9f32514111bd5f55/fastexcel-0.19.0.tar.gz", hash = "sha256:216c3719ee90963bd93a0bf8c10b177233046ac975b67651152fdaedd3c99aa1", size = 60323, upload-time = "2026-01-20T11:17:37.253Z" }
wheels = [
    { url = "https://files.pythonhosted.org/packages/d1/e0/3820e93ea606549cfddb8c437141dd69f2b245e74785efc8bd7511ba909d/fastexcel-0.19.0-cp310-abi3-macosx_10_12_x86_64.whl", hash = "sha256:68601072a0b4b4277c165b68f1055f88ef7ffe7ed6f08c1eeda0f0271e3f7da0", size = 3082362, upload-time = "2026-01-20T11:17:27.157Z" },
    { url = "https://files.pythonhosted.org/packages/66/0f/b42dc09515879192919942157292912393584045fd8bad98bd92961d4c30/fastexcel-0.19.0-cp310-abi3-macosx_11_0_arm64.whl", hash = "sha256:c8a87d94445678e7e3f46a6aa39d2afaee5b88a983ec3661143a6488d8955f44", size = 2864365, upload-time = "2026-01-20T11:17:28.786Z" },
    { url = "https://files.pythonhosted.org/packages/8e/4a/bc358b20fcff64b4c14ff7d7a0e1f797792b8b77e30ae755873c02362538/fastexcel-0.19.0-cp310-abi3-manylinux_2_17_aarch64.manylinux2014_aarch64.whl", hash = "sha256:e94fc1be6642555f277af792c22a9f80ec9b4d640d9690f00abb822b6d865069", size = 3186426, upload-time = "2026-01-20T11:17:19.087Z" },
    { url = "https://files.pythonhosted.org/packages/58/ae/d2ffdc5ad14190153e2422fc90a1052a4b0c3086d24cb8ae8967575321d8/fastexcel-0.19.0-cp310-abi3-manylinux_2_17_x86_64.manylinux2014_x86_64.whl", hash = "sha256:334f9f40cd68b5924a712b6c104949757a0b8ad8a7e3fa3f3fad1c1ebc00258b", size = 3365628, upload-time = "2026-01-20T11:17:21.116Z" },
    { url = "https://files.pythonhosted.org/packages/6e/67/5f6d4e7760dc3dd8244cd124dabdd5bb7622bf1197edcc2513648847690e/fastexcel-0.19.0-cp310-abi3-win_amd64.whl", hash = "sha256:fbbdf9de79c3ef3572809bb187927c0dc5840968ffe513ea015a383024b7c6b0", size = 2905173, upload-time = "2026-01-20T11:17:33.687Z" },
    { url = "https://files.pythonhosted.org/packages/aa/a4/4290e356cfe028b11db8d96f8d5bca43bde8ed1fd9a491661df4d57551de/fastexcel-0.19.0-cp314-cp314t-macosx_10_12_x86_64.whl", hash = "sha256:26eb85d98087b3c13e083a1fb51a3dfcd57607865fb44d8d6db451948ef65c63", size = 3069723, upload-time = "2026-01-20T11:17:30.521Z" },
    { url = "https://files.pythonhosted.org/packages/fb/1e/1364b08c1d5449236af23366ac3beaabbc63b283f354fc1aa6ad0b95cc37/fastexcel-0.19.0-cp314-cp314t-macosx_11_0_arm64.whl", hash = "sha256:42d48b077b7ec070de6ea34c99f9a0c97e45cd767fbadd135fc30fa70de24b42", size = 2852643, upload-time = "2026-01-20T11:17:32.079Z" },
    { url = "https://files.pythonhosted.org/packages/85/1b/57a5e2441ab29ecb774f642f66d5e9f9246cdc14ca4ee85ada5b081f4656/fastexcel-0.19.0-cp314-cp314t-manylinux_2_17_aarch64.manylinux2014_aarch64.whl", hash = "sha256:e3c49fac330cc306bb0bd73d96138f438441d8254eed19ca6c1800aaa9d69054", size = 3182805, upload-time = "2026-01-20T11:17:23.068Z" },
    { url = "https://files.pythonhosted.org/packages/76/50/0e5c416b990d153bad1e63b8268ea751fc8a319d134de14e3bbba38000c7/fastexcel-0.19.0-cp314-cp314t-manylinux_2_17_x86_64.manylinux2014_x86_64.whl", hash = "sha256:75aad96c34836eca90fc6d0e061240c145795f8754424698e2aadfd634abb4cf", size = 3360260, upload-time = "2026-01-20T11:17:24.711Z" },
    { url = "https://files.pythonhosted.org/packages/48/38/b3faa12a74f387e037ff33adae761c22fc3aa44eed15a2c09d653b4eb194/fastexcel-0.19.0-cp314-cp314t-win_amd64.whl", hash = "sha256:7ef8e41cb0118f90d5f9a636fcdc0e9d635938cdaa54a3182328f3d34ce9ee1a", size = 2897686, upload-time = "2026-01-20T11:17:35.453Z" },
]

[[package]]
name = "iniconfig"
version = "2.3.0"
source = { registry = "https://pypi.org/simple" }
sdist = { url = "https://files.pythonhosted.org/packages/72/34/14ca021ce8e5dfedc35312d08ba8bf51fdd999c576889fc2c24cb97f4f10/iniconfig-2.3.0.tar.gz", hash = "sha256:c76315c77db068650d49c5b56314774a7804df16fee4402c1f19d6d15d8c4730", size = 20503, upload-time = "2025-10-18T21:55:43.219Z" }
wheels = [
    { url = "https://files.pythonhosted.org/packages/cb/b1/3846dd7f199d53cb17f49cba7e651e9ce294d8497c8c150530ed11865bb8/iniconfig-2.3.0-py3-none-any.whl", hash = "sha256:f631c04d2c48c52b84d0d0549c99ff3859c98df65b3101406327ecc7d53fbf12", size = 7484, upload-time = "2025-10-18T21:55:41.639Z" },
]

[[package]]
name = "lxml"
version = "6.0.3"
source = { registry = "https://pypi.org/simple" }
sdist = { url = "https://files.pythonhosted.org/packages/43/42/149c7747977db9d68faee960c1a3391eb25e94d4bb677f8e2df8328e4098/lxml-6.0.3.tar.gz", hash = "sha256:a1664c5139755df44cab3834f4400b331b02205d62d3fdcb1554f63439bf3372", size = 4237567, upload-time = "2026-04-09T14:39:09.664Z" }
wheels = [
    { url = "https://files.pythonhosted.org/packages/d3/40/b637359bacf3813f1174d15b08516020ba5beb355e04377105d561e6e00a/lxml-6.0.3-cp314-cp314-macosx_10_15_universal2.whl", hash = "sha256:8c08926678852a233bf1ef645c4d683d56107f814482f8f41b21ef2c7659790e", size = 8575318, upload-time = "2026-04-09T14:36:20.608Z" },
    { url = "https://files.pythonhosted.org/packages/7f/91/d5286a45202ed91f1e428e68c6e1c11bcb2b42715c48424871fc73485b05/lxml-6.0.3-cp314-cp314-macosx_10_15_x86_64.whl", hash = "sha256:2ce76d113a7c3bf42761ec1de7ca615b0cbf9d8ae478eb1d6c20111d9c9fc098", size = 4623084, upload-time = "2026-04-09T14:36:24.015Z" },
    { url = "https://files.pythonhosted.org/packages/8a/5f/7ea1af571ee13ed1e5fba007fd83cd0794723ca76a51eed0ef9513363b1f/lxml-6.0.3-cp314-cp314-manylinux2014_aarch64.manylinux_2_17_aarch64.whl", hash = "sha256:83eca62141314d641ebe8089ffa532bbf572ea07dd6255b58c40130d06bb2509", size = 4948797, upload-time = "2026-04-09T14:36:26.662Z" },
    { url = "https://files.pythonhosted.org/packages/82/be/3a9b8d787d9877cbe17e02ef5af2523bd14ecc177ce308397c485c56fe18/lxml-6.0.3-cp314-cp314-manylinux2014_x86_64.manylinux_2_17_x86_64.whl", hash = "sha256:d8781d812bb8efd47c35651639da38980383ff0d0c1f3269ade23e3a90799079", size = 5085983, upload-time = "2026-04-09T14:36:29.486Z" },
    { url = "https://files.pythonhosted.org/packages/c4/2b/645abaef837b11414c81513c31b308a001fb8cd370f665c3ebc854be5ba5/lxml-6.0.3-cp314-cp314-manylinux_2_26_aarch64.manylinux_2_28_aarch64.whl", hash = "sha256:19b079e81aa3a31b523a224b0dd46da4f56e1b1e248eef9a599e5c885c788813", size = 5031039, upload-time = "2026-04-09T14:36:31.735Z" },
    { url = "https://files.pythonhosted.org/packages/3b/4f/561f30b77e9edbb373e2b6b7203a7d6ab219c495abca219536c66f3a44b2/lxml-6.0.3-cp314-cp314-manylinux_2_26_ppc64le.manylinux_2_28_ppc64le.whl", hash = "sha256:6c055bafdcb53e7f9f75e22c009cd183dd410475e21c296d599531d7f03d1bf5", size = 5646718, upload-time = "2026-04-09T14:36:34.127Z" },
    { url = "https://files.pythonhosted.org/packages/d7/ba/2a72e673d109b563c2ab77097f2f4ca64e2927d2f04836ba07aaabe1da0e/lxml-6.0.3-cp314-cp314-manylinux_2_26_x86_64.manylinux_2_28_x86_64.whl", hash = "sha256:13f1594a183cee73f9a1dbfd35871c4e04b461f47eeb9bcf80f7d7856b1b136d", size = 5239360, upload-time = "2026-04-09T14:36:37.195Z" },
    { url = "https://files.pythonhosted.org/packages/52/98/4e5a4ef87d846af90cc9c1ee2f8af2af34c221e620aad317b3a535361b93/lxml-6.0.3-cp314-cp314-manylinux_2_28_i686.whl", hash = "sha256:a6380c5035598e4665272ad3fc86c96ddb2a220d4059cce5ba4b660f78346ad9", size = 5351233, upload-time = "2026-04-09T14:36:39.634Z" },
    { url = "https://files.pythonhosted.org/packages/cb/b8/cff0af5fe48ede6b1949dc2e14171470c0c68a15789037c1fed90602b89d/lxml-6.0.3-cp314-cp314-manylinux_2_31_armv7l.whl", hash = "sha256:143ac903fb6c9be6da613390825c8e8bb8c8d71517d43882031f6b9bc89770ef", size = 4696677, upload-time = "2026-04-09T14:36:42.037Z" },
    { url = "https://files.pythonhosted.org/packages/0c/6e/0b2a918fb15c30b00ff112df16c548df011db37b58d764bd17f47db74905/lxml-6.0.3-cp314-cp314-manylinux_2_38_riscv64.manylinux_2_39_riscv64.whl", hash = "sha256:c4fff7d77f440378cd841e340398edf5dbefee334816efbf521bb6e31651e54e", size = 5250503, upload-time = "2026-04-09T14:36:44.417Z" },
    { url = "https://files.pythonhosted.org/packages/57/1b/4697918f9d4c2e643e2c59cedb37c2f3a9f76fb1217d767f6dff476813d8/lxml-6.0.3-cp314-cp314-musllinux_1_2_aarch64.whl", hash = "sha256:631567ffc3ddb989ccdcd28f6b9fa5aab1ec7fc0e99fe65572b006a6aad347e2", size = 5084563, upload-time = "2026-04-09T14:36:46.762Z" },
    { url = "https://files.pythonhosted.org/packages/7b/8c/d7ec96246f0632773912c6556288d3b6bb6580f3a967441ca4636ddc3f73/lxml-6.0.3-cp314-cp314-musllinux_1_2_armv7l.whl", hash = "sha256:38acf7171535ffa7fff1fcec8b82ebd4e55cd02e581efe776928108421accaa1", size = 4737407, upload-time = "2026-04-09T14:36:49.826Z" },
    { url = "https://files.pythonhosted.org/packages/d2/0c/603e35bf77aeb28c972f39eece35e7c0f6579ff33a7bed095cc2f7f942d9/lxml-6.0.3-cp314-cp314-musllinux_1_2_ppc64le.whl", hash = "sha256:06b9f3ac459b4565bbaa97aa5512aa7f9a1188c662f0108364f288f6daf35773", size = 5670919, upload-time = "2026-04-09T14:36:52.231Z" },
    { url = "https://files.pythonhosted.org/packages/92/08/6d3f188e6705cf0bfd8b5788055c7381bb3ffa786dfba9fa0b0ed5778506/lxml-6.0.3-cp314-cp314-musllinux_1_2_riscv64.whl", hash = "sha256:2773dbe2cedee81f2769bd5d24ceb4037706cf032e1703513dd0e9476cd9375f", size = 5237771, upload-time = "2026-04-09T14:36:55.286Z" },
    { url = "https://files.pythonhosted.org/packages/f1/4c/01639533b90e9ff622909c113df2ab2dbdd1d78540eb153d13b66a9c96ba/lxml-6.0.3-cp314-cp314-musllinux_1_2_x86_64.whl", hash = "sha256:30c437d8bb9a9a9edff27e85b694342e47a26a6abc249abe00584a4824f9d80d", size = 5263862, upload-time = "2026-04-09T14:36:58.247Z" },
    { url = "https://files.pythonhosted.org/packages/06/0e/bd1157d7b09d1f5e1d580c124203cee656130a3f8908365760a593b21daf/lxml-6.0.3-cp314-cp314-win32.whl", hash = "sha256:1b60a3a1205f869bd47874787c792087174453b1a869db4837bf5b3ff92be017", size = 3656378, upload-time = "2026-04-09T14:37:47.74Z" },
    { url = "https://files.pythonhosted.org/packages/c5/cc/d50cbce8cd5687670868bea33bbeefa0866c5e5d02c5e11c4a04c79fc45e/lxml-6.0.3-cp314-cp314-win_amd64.whl", hash = "sha256:5b6913a68d98c58c673667c864500ba31bc9b0f462effac98914e9a92ebacd2e", size = 4062518, upload-time = "2026-04-09T14:37:49.911Z" },
    { url = "https://files.pythonhosted.org/packages/fd/c7/ece11a1e51390502894838aa384e9f98af7bef4d6806a927197153a16972/lxml-6.0.3-cp314-cp314-win_arm64.whl", hash = "sha256:1b36a3c73f2a6d9c2bfae78089ca7aedae5c2ee5fd5214a15f00b2f89e558ba7", size = 3741064, upload-time = "2026-04-09T14:37:52.185Z" },
    { url = "https://files.pythonhosted.org/packages/2c/ae/918d7f89635fb6456cd732c12246c0e504dd9c49e8006f3593c9ecdb90ff/lxml-6.0.3-cp314-cp314t-macosx_10_15_universal2.whl", hash = "sha256:239e9a6be3a79c03ec200d26f7bb17a4414704a208059e20050bf161e2d8848a", size = 8826590, upload-time = "2026-04-09T14:37:00.862Z" },
    { url = "https://files.pythonhosted.org/packages/07/cf/bda0ae583758704719976b9ea69c8b089fa5f92e49683e517386539b21cf/lxml-6.0.3-cp314-cp314t-macosx_10_15_x86_64.whl", hash = "sha256:16e5cbaa1a6351f2abefa4072e9aac1f09103b47fe7ab4496d54e5995b065162", size = 4735028, upload-time = "2026-04-09T14:37:03.602Z" },
    { url = "https://files.pythonhosted.org/packages/2f/0e/3bfb18778c6f73c7ead2d49a256501fa3052888b899826f5d1df1fbdf83b/lxml-6.0.3-cp314-cp314t-manylinux2014_aarch64.manylinux_2_17_aarch64.whl", hash = "sha256:89f8746c206d8cf2c167221831645d6cc2b24464afd9c428a5eb3fd34c584eb1", size = 4969184, upload-time = "2026-04-09T14:37:05.914Z" },
    { url = "https://files.pythonhosted.org/packages/29/e6/796c77751a682d6d1bb9aa3fe43851b41a21b0377100e246a4a83a81d668/lxml-6.0.3-cp314-cp314t-manylinux2014_x86_64.manylinux_2_17_x86_64.whl", hash = "sha256:5d559a84b2fd583e5bcf8ec4af1ec895f98811684d5fbd6524ea31a04f92d4ad", size = 5103548, upload-time = "2026-04-09T14:37:08.605Z" },
    { url = "https://files.pythonhosted.org/packages/f9/5e/a02aee214f657f29d4690d88161de8ffb8f1b5139e792bae313b9479e317/lxml-6.0.3-cp314-cp314t-manylinux_2_26_aarch64.manylinux_2_28_aarch64.whl", hash = "sha256:7966fbce2d18fde579d5593933d36ad98cc7c8dc7f2b1916d127057ce0415062", size = 5027775, upload-time = "2026-04-09T14:37:11.283Z" },
    { url = "https://files.pythonhosted.org/packages/20/e5/65dd25f2c366879d696d1c720af9a96fa0969d2d135a27b6140222fc6f68/lxml-6.0.3-cp314-cp314t-manylinux_2_26_ppc64le.manylinux_2_28_ppc64le.whl", hash = "sha256:a1f258e6aa0e6eda2c1199f5582c062c96c7d4a28d96d0c4daa79e39b3f2a764", size = 5595348, upload-time = "2026-04-09T14:37:13.618Z" },
    { url = "https://files.pythonhosted.org/packages/f7/1f/2f0e80d7fd2ad9755d771af4ad46ea14bf871bc5a1d2d365a3f948940ddf/lxml-6.0.3-cp314-cp314t-manylinux_2_26_x86_64.manylinux_2_28_x86_64.whl", hash = "sha256:738aef404c862d2c3cd951364ee7175c9d50e8290f5726611c4208c0fba8d186", size = 5224217, upload-time = "2026-04-09T14:37:16.519Z" },
    { url = "https://files.pythonhosted.org/packages/3b/28/e1aaeee7d6a4c9f24a3e4535a4e19ce64b99eefbe7437d325b61623b1817/lxml-6.0.3-cp314-cp314t-manylinux_2_28_i686.whl", hash = "sha256:5c35e5c3ed300990a46a144d3514465713f812b35dacfa83e928c60db7c90af7", size = 5312245, upload-time = "2026-04-09T14:37:19.387Z" },
    { url = "https://files.pythonhosted.org/packages/0a/ac/9633cb919124473e03c62862b0494bf0e1705f902fbd9627be4f648bddfb/lxml-6.0.3-cp314-cp314t-manylinux_2_31_armv7l.whl", hash = "sha256:4ff774b43712b0cf40d9888a5494ca39aefe990c946511cc947b9fddcf74a29b", size = 4637952, upload-time = "2026-04-09T14:37:21.648Z" },
    { url = "https://files.pythonhosted.org/packages/50/aa/135baeea457d41989bafa78e437fe3a370c793aab0d8fb3da73ccae10095/lxml-6.0.3-cp314-cp314t-manylinux_2_38_riscv64.manylinux_2_39_riscv64.whl", hash = "sha256:d20af2784c763928d0d0879cbc5a3739e4d81eefa0d68962d3478bff4c13e644", size = 5232782, upload-time = "2026-04-09T14:37:24.6Z" },
    { url = "https://files.pythonhosted.org/packages/0e/77/d05183ac8440cbc4c6fa386edb7ba9718bee4f097e58485b1cd1f9479d56/lxml-6.0.3-cp314-cp314t-musllinux_1_2_aarch64.whl", hash = "sha256:fdb7786ebefaa0dad0d399dfeaf146b370a14591af2f3aea59e06f931a426678", size = 5083889, upload-time = "2026-04-09T14:37:27.432Z" },
    { url = "https://files.pythonhosted.org/packages/6d/58/e9fda8fb82775491ad0290c7b17252f944b6c3a6974cd820d65910690351/lxml-6.0.3-cp314-cp314t-musllinux_1_2_armv7l.whl", hash = "sha256:c71a387ea133481e725079cff22de45593bf0b834824de22829365ab1d2386c9", size = 4758658, upload-time = "2026-04-09T14:37:29.81Z" },
    { url = "https://files.pythonhosted.org/packages/8b/32/4aae9f004f79f9d200efd8343809cfe46077f8e5bd58f08708c320a20fcd/lxml-6.0.3-cp314-cp314t-musllinux_1_2_ppc64le.whl", hash = "sha256:841b89fc3d910d61c7c267db6bb7dc3a8b3dac240edb66220fcdf96fe70a0552", size = 5619494, upload-time = "2026-04-09T14:37:33.482Z" },
    { url = "https://files.pythonhosted.org/packages/f9/49/407fa9e3c91e7c6d0762eaeedd50d4695bcd26db817e933ca689eb1f3df4/lxml-6.0.3-cp314-cp314t-musllinux_1_2_riscv64.whl", hash = "sha256:ac2d6cdafa29672d6a604c641bf67ace3fd0735ec6885501a94943379219ddbf", size = 5228386, upload-time = "2026-04-09T14:37:36.058Z" },
    { url = "https://files.pythonhosted.org/packages/99/92/39982f818acbb1dd67dd5d20c2a06bcb9f1f3b9a8ff0021e367904f82417/lxml-6.0.3-cp314-cp314t-musllinux_1_2_x86_64.whl", hash = "sha256:609bf136a7339aeca2bd4268c7cd190f33d13118975fe9964eda8e5138f42802", size = 5247973, upload-time = "2026-04-09T14:37:38.836Z" },
    { url = "https://files.pythonhosted.org/packages/66/68/fcdbb78c8cda81a86e17b31abf103b7e474e474a09fb291a99e7a9b43eb8/lxml-6.0.3-cp314-cp314t-win32.whl", hash = "sha256:bf98f5f87f6484302e7cce4e2ca5af43562902852063d916c3e2f1c115fdce60", size = 3896249, upload-time = "2026-04-09T14:37:41.068Z" },
    { url = "https://files.pythonhosted.org/packages/88/fb/6292681ac4a4223b700569ce98f71662cb07c5a3ade4f346f5f0d5c574cf/lxml-6.0.3-cp314-cp314t-win_amd64.whl", hash = "sha256:d3d65e511e4e656ec67b472110f7a72cbf8547ca15f76fe74cffa4e97412a064", size = 4391091, upload-time = "2026-04-09T14:37:43.357Z" },
    { url = "https://files.pythonhosted.org/packages/99/39/a0f486360a6f1b36fd2f5eb62d037652bef503d82b6f853aee6664cdfcac/lxml-6.0.3-cp314-cp314t-win_arm64.whl", hash = "sha256:cbc7ce67f85b92db97c92219985432be84dc1ba9a028e68c6933e89551234df2", size = 3816374, upload-time = "2026-04-09T14:37:45.532Z" },
]

[[package]]
name = "markdown-it-py"
version = "4.0.0"
source = { registry = "https://pypi.org/simple" }
dependencies = [
    { name = "mdurl" },
]
sdist = { url = "https://files.pythonhosted.org/packages/5b/f5/4ec618ed16cc4f8fb3b701563655a69816155e79e24a17b651541804721d/markdown_it_py-4.0.0.tar.gz", hash = "sha256:cb0a2b4aa34f932c007117b194e945bd74e0ec24133ceb5bac59009cda1cb9f3", size = 73070, upload-time = "2025-08-11T12:57:52.854Z" }
wheels = [
    { url = "https://files.pythonhosted.org/packages/94/54/e7d793b573f298e1c9013b8c4dade17d481164aa517d1d7148619c2cedbf/markdown_it_py-4.0.0-py3-none-any.whl", hash = "sha256:87327c59b172c5011896038353a81343b6754500a08cd7a4973bb48c6d578147", size = 87321, upload-time = "2025-08-11T12:57:51.923Z" },
]

[[package]]
name = "mdurl"
version = "0.1.2"
source = { registry = "https://pypi.org/simple" }
sdist = { url = "https://files.pythonhosted.org/packages/d6/54/cfe61301667036ec958cb99bd3efefba235e65cdeb9c84d24a8293ba1d90/mdurl-0.1.2.tar.gz", hash = "sha256:bb413d29f5eea38f31dd4754dd7377d4465116fb207585f97bf925588687c1ba", size = 8729, upload-time = "2022-08-14T12:40:10.846Z" }
wheels = [
    { url = "https://files.pythonhosted.org/packages/b3/38/89ba8ad64ae25be8de66a6d463314cf1eb366222074cfda9ee839c56a4b4/mdurl-0.1.2-py3-none-any.whl", hash = "sha256:84008a41e51615a49fc9966191ff91509e3c40b939176e643fd50a5c2196b8f8", size = 9979, upload-time = "2022-08-14T12:40:09.779Z" },
]

[[package]]
name = "more-itertools"
version = "11.0.2"
source = { registry = "https://pypi.org/simple" }
sdist = { url = "https://files.pythonhosted.org/packages/a2/f7/139d22fef48ac78127d18e01d80cf1be40236ae489769d17f35c3d425293/more_itertools-11.0.2.tar.gz", hash = "sha256:392a9e1e362cbc106a2457d37cabf9b36e5e12efd4ebff1654630e76597df804", size = 144659, upload-time = "2026-04-09T15:01:33.297Z" }
wheels = [
    { url = "https://files.pythonhosted.org/packages/cb/98/6af411189d9413534c3eb691182bff1f5c6d44ed2f93f2edfe52a1bbceb8/more_itertools-11.0.2-py3-none-any.whl", hash = "sha256:6e35b35f818b01f691643c6c611bc0902f2e92b46c18fffa77ae1e7c46e912e4", size = 71939, upload-time = "2026-04-09T15:01:32.21Z" },
]

[[package]]
name = "packaging"
version = "26.0"
source = { registry = "https://pypi.org/simple" }
sdist = { url = "https://files.pythonhosted.org/packages/65/ee/299d360cdc32edc7d2cf530f3accf79c4fca01e96ffc950d8a52213bd8e4/packaging-26.0.tar.gz", hash = "sha256:00243ae351a257117b6a241061796684b084ed1c516a08c48a3f7e147a9d80b4", size = 143416, upload-time = "2026-01-21T20:50:39.064Z" }
wheels = [
    { url = "https://files.pythonhosted.org/packages/b7/b9/c538f279a4e237a006a2c98387d081e9eb060d203d8ed34467cc0f0b9b53/packaging-26.0-py3-none-any.whl", hash = "sha256:b36f1fef9334a5588b4166f8bcd26a14e521f2b55e6b9de3aaa80d3ff7a37529", size = 74366, upload-time = "2026-01-21T20:50:37.788Z" },
]

[[package]]
name = "pluggy"
version = "1.6.0"
source = { registry = "https://pypi.org/simple" }
sdist = { url = "https://files.pythonhosted.org/packages/f9/e2/3e91f31a7d2b083fe6ef3fa267035b518369d9511ffab804f839851d2779/pluggy-1.6.0.tar.gz", hash = "sha256:7dcc130b76258d33b90f61b658791dede3486c3e6bfb003ee5c9bfb396dd22f3", size = 69412, upload-time = "2025-05-15T12:30:07.975Z" }
wheels = [
    { url = "https://files.pythonhosted.org/packages/54/20/4d324d65cc6d9205fabedc306948156824eb9f0ee1633355a8f7ec5c66bf/pluggy-1.6.0-py3-none-any.whl", hash = "sha256:e920276dd6813095e9377c0bc5566d94c932c33b27a3e3945d8389c374dd4746", size = 20538, upload-time = "2025-05-15T12:30:06.134Z" },
]

[[package]]
name = "polars"
version = "1.39.3"
source = { registry = "https://pypi.org/simple" }
dependencies = [
    { name = "polars-runtime-32" },
]
sdist = { url = "https://files.pythonhosted.org/packages/93/ab/f19e592fce9e000da49c96bf35e77cef67f9cb4b040bfa538a2764c0263e/polars-1.39.3.tar.gz", hash = "sha256:2e016c7f3e8d14fa777ef86fe0477cec6c67023a20ba4c94d6e8431eefe4a63c", size = 728987, upload-time = "2026-03-20T11:16:24.836Z" }
wheels = [
    { url = "https://files.pythonhosted.org/packages/b4/db/08f4ca10c5018813e7e0b59e4472302328b3d2ab1512f5a2157a814540e0/polars-1.39.3-py3-none-any.whl", hash = "sha256:c2b955ccc0a08a2bc9259785decf3d5c007b489b523bf2390cf21cec2bb82a56", size = 823985, upload-time = "2026-03-20T11:14:23.619Z" },
]

[[package]]
name = "polars-runtime-32"
version = "1.39.3"
source = { registry = "https://pypi.org/simple" }
sdist = { url = "https://files.pythonhosted.org/packages/17/39/c8688696bc22b6c501e3b82ef3be10e543c07a785af5660f30997cd22dd2/polars_runtime_32-1.39.3.tar.gz", hash = "sha256:c728e4f469cafab501947585f36311b8fb222d3e934c6209e83791e0df20b29d", size = 2872335, upload-time = "2026-03-20T11:16:26.581Z" }
wheels = [
    { url = "https://files.pythonhosted.org/packages/3b/74/1b41205f7368c9375ab1dea91178eaa20435fe3eff036390a53a7660b416/polars_runtime_32-1.39.3-cp310-abi3-macosx_10_12_x86_64.whl", hash = "sha256:425c0b220b573fa097b4042edff73114cc6d23432a21dfd2dc41adf329d7d2e9", size = 45273243, upload-time = "2026-03-20T11:14:26.691Z" },
    { url = "https://files.pythonhosted.org/packages/90/bf/297716b3095fe719be20fcf7af1d2b6ab069c38199bbace2469608a69b3a/polars_runtime_32-1.39.3-cp310-abi3-macosx_11_0_arm64.whl", hash = "sha256:ef5884711e3c617d7dc93519a7d038e242f5741cfe5fe9afd32d58845d86c562", size = 40842924, upload-time = "2026-03-20T11:14:31.154Z" },
    { url = "https://files.pythonhosted.org/packages/3d/3e/e65236d9d0d9babfa0ecba593413c06530fca60a8feb8f66243aa5dba92e/polars_runtime_32-1.39.3-cp310-abi3-manylinux_2_17_aarch64.manylinux2014_aarch64.whl", hash = "sha256:06b47f535eb1f97a9a1e5b0053ef50db3a4276e241178e37bbb1a38b1fa53b14", size = 43220650, upload-time = "2026-03-20T11:14:35.458Z" },
    { url = "https://files.pythonhosted.org/packages/b0/15/fc3e43f3fdf3f20b7dfb5abe871ab6162cf8fb4aeabf4cfad822d5dc4c79/polars_runtime_32-1.39.3-cp310-abi3-manylinux_2_17_x86_64.manylinux2014_x86_64.whl", hash = "sha256:8bc9e13dc1d2e828331f2fe8ccbc9757554dc4933a8d3e85e906b988178f95ed", size = 46877498, upload-time = "2026-03-20T11:14:40.14Z" },
    { url = "https://files.pythonhosted.org/packages/3c/81/bd5f895919e32c6ab0a7786cd0c0ca961cb03152c47c3645808b54383f31/polars_runtime_32-1.39.3-cp310-abi3-musllinux_1_2_aarch64.whl", hash = "sha256:363d49e3a3e638fc943e2b9887940300a7d06789930855a178a4727949259dc2", size = 43380176, upload-time = "2026-03-20T11:14:45.566Z" },
    { url = "https://files.pythonhosted.org/packages/7a/3e/c86433c3b5ec0315bdfc7640d0c15d41f1216c0103a0eab9a9b5147d6c4c/polars_runtime_32-1.39.3-cp310-abi3-musllinux_1_2_x86_64.whl", hash = "sha256:7c206bdcc7bc62ea038d6adea8e44b02f0e675e0191a54c810703b4895208ea4", size = 46485933, upload-time = "2026-03-20T11:14:51.155Z" },
    { url = "https://files.pythonhosted.org/packages/54/ce/200b310cf91f98e652eb6ea09fdb3a9718aa0293ebf113dce325797c8572/polars_runtime_32-1.39.3-cp310-abi3-win_amd64.whl", hash = "sha256:d66ca522517554a883446957539c40dc7b75eb0c2220357fb28bc8940d305339", size = 46995458, upload-time = "2026-03-20T11:14:56.074Z" },
    { url = "https://files.pythonhosted.org/packages/da/76/2d48927e0aa2abbdde08cbf4a2536883b73277d47fbeca95e952de86df34/polars_runtime_32-1.39.3-cp310-abi3-win_arm64.whl", hash = "sha256:f49f51461de63f13e5dd4eb080421c8f23f856945f3f8bd5b2b1f59da52c2860", size = 41857648, upload-time = "2026-03-20T11:15:01.142Z" },
]

[[package]]
name = "pygments"
version = "2.20.0"
source = { registry = "https://pypi.org/simple" }
sdist = { url = "https://files.pythonhosted.org/packages/c3/b2/bc9c9196916376152d655522fdcebac55e66de6603a76a02bca1b6414f6c/pygments-2.20.0.tar.gz", hash = "sha256:6757cd03768053ff99f3039c1a36d6c0aa0b263438fcab17520b30a303a82b5f", size = 4955991, upload-time = "2026-03-29T13:29:33.898Z" }
wheels = [
    { url = "https://files.pythonhosted.org/packages/f4/7e/a72dd26f3b0f4f2bf1dd8923c85f7ceb43172af56d63c7383eb62b332364/pygments-2.20.0-py3-none-any.whl", hash = "sha256:81a9e26dd42fd28a23a2d169d86d7ac03b46e2f8b59ed4698fb4785f946d0176", size = 1231151, upload-time = "2026-03-29T13:29:30.038Z" },
]

[[package]]
name = "pytest"
version = "9.0.3"
source = { registry = "https://pypi.org/simple" }
dependencies = [
    { name = "colorama", marker = "sys_platform == 'win32'" },
    { name = "iniconfig" },
    { name = "packaging" },
    { name = "pluggy" },
    { name = "pygments" },
]
sdist = { url = "https://files.pythonhosted.org/packages/7d/0d/549bd94f1a0a402dc8cf64563a117c0f3765662e2e668477624baeec44d5/pytest-9.0.3.tar.gz", hash = "sha256:b86ada508af81d19edeb213c681b1d48246c1a91d304c6c81a427674c17eb91c", size = 1572165, upload-time = "2026-04-07T17:16:18.027Z" }
wheels = [
    { url = "https://files.pythonhosted.org/packages/d4/24/a372aaf5c9b7208e7112038812994107bc65a84cd00e0354a88c2c77a617/pytest-9.0.3-py3-none-any.whl", hash = "sha256:2c5efc453d45394fdd706ade797c0a81091eccd1d6e4bccfcd476e2b8e0ab5d9", size = 375249, upload-time = "2026-04-07T17:16:16.13Z" },
]

[[package]]
name = "rich"
version = "14.3.3"
source = { registry = "https://pypi.org/simple" }
dependencies = [
    { name = "markdown-it-py" },
    { name = "pygments" },
]
sdist = { url = "https://files.pythonhosted.org/packages/b3/c6/f3b320c27991c46f43ee9d856302c70dc2d0fb2dba4842ff739d5f46b393/rich-14.3.3.tar.gz", hash = "sha256:b8daa0b9e4eef54dd8cf7c86c03713f53241884e814f4e2f5fb342fe520f639b", size = 230582, upload-time = "2026-02-19T17:23:12.474Z" }
wheels = [
    { url = "https://files.pythonhosted.org/packages/14/25/b208c5683343959b670dc001595f2f3737e051da617f66c31f7c4fa93abc/rich-14.3.3-py3-none-any.whl", hash = "sha256:793431c1f8619afa7d3b52b2cdec859562b950ea0d4b6b505397612db8d5362d", size = 310458, upload-time = "2026-02-19T17:23:13.732Z" },
]

[[package]]
name = "rich-rst"
version = "1.3.2"
source = { registry = "https://pypi.org/simple" }
dependencies = [
    { name = "docutils" },
    { name = "rich" },
]
sdist = { url = "https://files.pythonhosted.org/packages/bc/6d/a506aaa4a9eaa945ed8ab2b7347859f53593864289853c5d6d62b77246e0/rich_rst-1.3.2.tar.gz", hash = "sha256:a1196fdddf1e364b02ec68a05e8ff8f6914fee10fbca2e6b6735f166bb0da8d4", size = 14936, upload-time = "2025-10-14T16:49:45.332Z" }
wheels = [
    { url = "https://files.pythonhosted.org/packages/13/2f/b4530fbf948867702d0a3f27de4a6aab1d156f406d72852ab902c4d04de9/rich_rst-1.3.2-py3-none-any.whl", hash = "sha256:a99b4907cbe118cf9d18b0b44de272efa61f15117c61e39ebdc431baf5df722a", size = 12567, upload-time = "2025-10-14T16:49:42.953Z" },
]

[[package]]
name = "ruff"
version = "0.15.10"
source = { registry = "https://pypi.org/simple" }
sdist = { url = "https://files.pythonhosted.org/packages/e7/d9/aa3f7d59a10ef6b14fe3431706f854dbf03c5976be614a9796d36326810c/ruff-0.15.10.tar.gz", hash = "sha256:d1f86e67ebfdef88e00faefa1552b5e510e1d35f3be7d423dc7e84e63788c94e", size = 4631728, upload-time = "2026-04-09T14:06:09.884Z" }
wheels = [
    { url = "https://files.pythonhosted.org/packages/eb/00/a1c2fdc9939b2c03691edbda290afcd297f1f389196172826b03d6b6a595/ruff-0.15.10-py3-none-linux_armv6l.whl", hash = "sha256:0744e31482f8f7d0d10a11fcbf897af272fefdfcb10f5af907b18c2813ff4d5f", size = 10563362, upload-time = "2026-04-09T14:06:21.189Z" },
    { url = "https://files.pythonhosted.org/packages/5c/15/006990029aea0bebe9d33c73c3e28c80c391ebdba408d1b08496f00d422d/ruff-0.15.10-py3-none-macosx_10_12_x86_64.whl", hash = "sha256:b1e7c16ea0ff5a53b7c2df52d947e685973049be1cdfe2b59a9c43601897b22e", size = 10951122, upload-time = "2026-04-09T14:06:02.236Z" },
    { url = "https://files.pythonhosted.org/packages/f2/c0/4ac978fe874d0618c7da647862afe697b281c2806f13ce904ad652fa87e4/ruff-0.15.10-py3-none-macosx_11_0_arm64.whl", hash = "sha256:93cc06a19e5155b4441dd72808fdf84290d84ad8a39ca3b0f994363ade4cebb1", size = 10314005, upload-time = "2026-04-09T14:06:00.026Z" },
    { url = "https://files.pythonhosted.org/packages/da/73/c209138a5c98c0d321266372fc4e33ad43d506d7e5dd817dd89b60a8548f/ruff-0.15.10-py3-none-manylinux_2_17_aarch64.manylinux2014_aarch64.whl", hash = "sha256:83e1dd04312997c99ea6965df66a14fb4f03ba978564574ffc68b0d61fd3989e", size = 10643450, upload-time = "2026-04-09T14:05:42.137Z" },
    { url = "https://files.pythonhosted.org/packages/ec/76/0deec355d8ec10709653635b1f90856735302cb8e149acfdf6f82a5feb70/ruff-0.15.10-py3-none-manylinux_2_17_armv7l.manylinux2014_armv7l.whl", hash = "sha256:8154d43684e4333360fedd11aaa40b1b08a4e37d8ffa9d95fee6fa5b37b6fab1", size = 10379597, upload-time = "2026-04-09T14:05:49.984Z" },
    { url = "https://files.pythonhosted.org/packages/dc/be/86bba8fc8798c081e28a4b3bb6d143ccad3fd5f6f024f02002b8f08a9fa3/ruff-0.15.10-py3-none-manylinux_2_17_i686.manylinux2014_i686.whl", hash = "sha256:8ab88715f3a6deb6bde6c227f3a123410bec7b855c3ae331b4c006189e895cef", size = 11146645, upload-time = "2026-04-09T14:06:12.246Z" },
    { url = "https://files.pythonhosted.org/packages/a8/89/140025e65911b281c57be1d385ba1d932c2366ca88ae6663685aed8d4881/ruff-0.15.10-py3-none-manylinux_2_17_ppc64le.manylinux2014_ppc64le.whl", hash = "sha256:a768ff5969b4f44c349d48edf4ab4f91eddb27fd9d77799598e130fb628aa158", size = 12030289, upload-time = "2026-04-09T14:06:04.776Z" },
    { url = "https://files.pythonhosted.org/packages/88/de/ddacca9545a5e01332567db01d44bd8cf725f2db3b3d61a80550b48308ea/ruff-0.15.10-py3-none-manylinux_2_17_s390x.manylinux2014_s390x.whl", hash = "sha256:0ee3ef42dab7078bda5ff6a1bcba8539e9857deb447132ad5566a038674540d0", size = 11496266, upload-time = "2026-04-09T14:05:55.485Z" },
    { url = "https://files.pythonhosted.org/packages/bc/bb/7ddb00a83760ff4a83c4e2fc231fd63937cc7317c10c82f583302e0f6586/ruff-0.15.10-py3-none-manylinux_2_17_x86_64.manylinux2014_x86_64.whl", hash = "sha256:51cb8cc943e891ba99989dd92d61e29b1d231e14811db9be6440ecf25d5c1609", size = 11256418, upload-time = "2026-04-09T14:05:57.69Z" },
    { url = "https://files.pythonhosted.org/packages/dc/8d/55de0d35aacf6cd50b6ee91ee0f291672080021896543776f4170fc5c454/ruff-0.15.10-py3-none-manylinux_2_31_riscv64.whl", hash = "sha256:e59c9bdc056a320fb9ea1700a8d591718b8faf78af065484e801258d3a76bc3f", size = 11288416, upload-time = "2026-04-09T14:05:44.695Z" },
    { url = "https://files.pythonhosted.org/packages/68/cf/9438b1a27426ec46a80e0a718093c7f958ef72f43eb3111862949ead3cc1/ruff-0.15.10-py3-none-musllinux_1_2_aarch64.whl", hash = "sha256:136c00ca2f47b0018b073f28cb5c1506642a830ea941a60354b0e8bc8076b151", size = 10621053, upload-time = "2026-04-09T14:05:52.782Z" },
    { url = "https://files.pythonhosted.org/packages/4c/50/e29be6e2c135e9cd4cb15fbade49d6a2717e009dff3766dd080fcb82e251/ruff-0.15.10-py3-none-musllinux_1_2_armv7l.whl", hash = "sha256:8b80a2f3c9c8a950d6237f2ca12b206bccff626139be9fa005f14feb881a1ae8", size = 10378302, upload-time = "2026-04-09T14:06:14.361Z" },
    { url = "https://files.pythonhosted.org/packages/18/2f/e0b36a6f99c51bb89f3a30239bc7bf97e87a37ae80aa2d6542d6e5150364/ruff-0.15.10-py3-none-musllinux_1_2_i686.whl", hash = "sha256:e3e53c588164dc025b671c9df2462429d60357ea91af7e92e9d56c565a9f1b07", size = 10850074, upload-time = "2026-04-09T14:06:16.581Z" },
    { url = "https://files.pythonhosted.org/packages/11/08/874da392558ce087a0f9b709dc6ec0d60cbc694c1c772dab8d5f31efe8cb/ruff-0.15.10-py3-none-musllinux_1_2_x86_64.whl", hash = "sha256:b0c52744cf9f143a393e284125d2576140b68264a93c6716464e129a3e9adb48", size = 11358051, upload-time = "2026-04-09T14:06:18.948Z" },
    { url = "https://files.pythonhosted.org/packages/e4/46/602938f030adfa043e67112b73821024dc79f3ab4df5474c25fa4c1d2d14/ruff-0.15.10-py3-none-win32.whl", hash = "sha256:d4272e87e801e9a27a2e8df7b21011c909d9ddd82f4f3281d269b6ba19789ca5", size = 10588964, upload-time = "2026-04-09T14:06:07.14Z" },
    { url = "https://files.pythonhosted.org/packages/25/b6/261225b875d7a13b33a6d02508c39c28450b2041bb01d0f7f1a83d569512/ruff-0.15.10-py3-none-win_amd64.whl", hash = "sha256:28cb32d53203242d403d819fd6983152489b12e4a3ae44993543d6fe62ab42ed", size = 11745044, upload-time = "2026-04-09T14:05:39.473Z" },
    { url = "https://files.pythonhosted.org/packages/58/ed/dea90a65b7d9e69888890fb14c90d7f51bf0c1e82ad800aeb0160e4bacfd/ruff-0.15.10-py3-none-win_arm64.whl", hash = "sha256:601d1610a9e1f1c2165a4f561eeaa2e2ea1e97f3287c5aa258d3dab8b57c6188", size = 11035607, upload-time = "2026-04-09T14:05:47.593Z" },
]

[[package]]
name = "soupsieve"
version = "2.8.3"
source = { registry = "https://pypi.org/simple" }
sdist = { url = "https://files.pythonhosted.org/packages/7b/ae/2d9c981590ed9999a0d91755b47fc74f74de286b0f5cee14c9269041e6c4/soupsieve-2.8.3.tar.gz", hash = "sha256:3267f1eeea4251fb42728b6dfb746edc9acaffc4a45b27e19450b676586e8349", size = 118627, upload-time = "2026-01-20T04:27:02.457Z" }
wheels = [
    { url = "https://files.pythonhosted.org/packages/46/2c/1462b1d0a634697ae9e55b3cecdcb64788e8b7d63f54d923fcd0bb140aed/soupsieve-2.8.3-py3-none-any.whl", hash = "sha256:ed64f2ba4eebeab06cc4962affce381647455978ffc1e36bb79a545b91f45a95", size = 37016, upload-time = "2026-01-20T04:27:01.012Z" },
]

[[package]]
name = "structlog"
version = "25.5.0"
source = { registry = "https://pypi.org/simple" }
sdist = { url = "https://files.pythonhosted.org/packages/ef/52/9ba0f43b686e7f3ddfeaa78ac3af750292662284b3661e91ad5494f21dbc/structlog-25.5.0.tar.gz", hash = "sha256:098522a3bebed9153d4570c6d0288abf80a031dfdb2048d59a49e9dc2190fc98", size = 1460830, upload-time = "2025-10-27T08:28:23.028Z" }
wheels = [
    { url = "https://files.pythonhosted.org/packages/a8/45/a132b9074aa18e799b891b91ad72133c98d8042c70f6240e4c5f9dabee2f/structlog-25.5.0-py3-none-any.whl", hash = "sha256:a8453e9b9e636ec59bd9e79bbd4a72f025981b3ba0f5837aebf48f02f37a7f9f", size = 72510, upload-time = "2025-10-27T08:28:21.535Z" },
]

[[package]]
name = "ty"
version = "0.0.29"
source = { registry = "https://pypi.org/simple" }
sdist = { url = "https://files.pythonhosted.org/packages/47/d5/853561de49fae38c519e905b2d8da9c531219608f1fccc47a0fc2c896980/ty-0.0.29.tar.gz", hash = "sha256:e7936cca2f691eeda631876c92809688dbbab68687c3473f526cd83b6a9228d8", size = 5469221, upload-time = "2026-04-05T15:01:21.328Z" }
wheels = [
    { url = "https://files.pythonhosted.org/packages/03/b7/911f9962115acfa24e3b2ec9d4992dd994c38e8769e1b1d7680bb4d28a51/ty-0.0.29-py3-none-linux_armv6l.whl", hash = "sha256:b8a40955f7660d3eaceb0d964affc81b790c0765e7052921a5f861ff8a471c30", size = 10568206, upload-time = "2026-04-05T15:01:19.165Z" },
    { url = "https://files.pythonhosted.org/packages/fe/c3/fcae2167d4c77a97269f92f11d1b43b03617f81de1283d5d05b43432110c/ty-0.0.29-py3-none-macosx_10_12_x86_64.whl", hash = "sha256:6b6849adae15b00bbe2d3c5b078967dcb62eba37d38936b8eeb4c81a82d2e3b8", size = 10442530, upload-time = "2026-04-05T15:01:28.471Z" },
    { url = "https://files.pythonhosted.org/packages/97/33/5a6bfa240cfcb9c36046ae2459fa9ea23238d20130d8656ff5ac4d6c012a/ty-0.0.29-py3-none-macosx_11_0_arm64.whl", hash = "sha256:dcdd9b17209788152f7b7ea815eda07989152325052fe690013537cc7904ce49", size = 9915735, upload-time = "2026-04-05T15:01:10.365Z" },
    { url = "https://files.pythonhosted.org/packages/b3/1e/318f45fae232118e81a6306c30f50de42c509c412128d5bd231eab699ffb/ty-0.0.29-py3-none-manylinux_2_17_aarch64.manylinux2014_aarch64.whl", hash = "sha256:9d8ed4789bae78ffaf94462c0d25589a734cab0366b86f2bbcb1bb90e1a7a169", size = 10419748, upload-time = "2026-04-05T15:01:32.375Z" },
    { url = "https://files.pythonhosted.org/packages/a9/a8/5687872e2ab5a0f7dd4fd8456eac31e9381ad4dc74961f6f29965ad4dd91/ty-0.0.29-py3-none-manylinux_2_17_armv7l.manylinux2014_armv7l.whl", hash = "sha256:91ec374b8565e0ad0900011c24641ebbef2da51adbd4fb69ff3280c8a7eceb02", size = 10394738, upload-time = "2026-04-05T15:01:06.473Z" },
    { url = "https://files.pythonhosted.org/packages/de/68/015d118097eeb95e6a44c4abce4c0a28b7b9dfb3085b7f0ee48e4f099633/ty-0.0.29-py3-none-manylinux_2_17_i686.manylinux2014_i686.whl", hash = "sha256:298a8d5faa2502d3810bbbb47a030b9455495b9921594206043c785dd61548cf", size = 10910613, upload-time = "2026-04-05T15:01:17.17Z" },
    { url = "https://files.pythonhosted.org/packages/1c/01/47ce3c6c53e0670eadbe80756b167bf80ed6681d1ba57cfde2e8065a13d1/ty-0.0.29-py3-none-manylinux_2_17_ppc64le.manylinux2014_ppc64le.whl", hash = "sha256:3c8fba1a3524c6109d1e020d92301c79d41bf442fa8d335b9fa366239339cb70", size = 11475750, upload-time = "2026-04-05T15:01:30.461Z" },
    { url = "https://files.pythonhosted.org/packages/c4/cf/e361845b1081c9264ad5b7c963231bab03f2666865a9f2a115c4233f2137/ty-0.0.29-py3-none-manylinux_2_17_s390x.manylinux2014_s390x.whl", hash = "sha256:4c48adf88a70d264128c39ee922ed14a947817fced1e93c08c1a89c9244edcde", size = 11190055, upload-time = "2026-04-05T15:01:12.369Z" },
    { url = "https://files.pythonhosted.org/packages/79/12/0fb0857e9a62cb11586e9a712103877bbf717f5fb570d16634408cfdefee/ty-0.0.29-py3-none-manylinux_2_17_x86_64.manylinux2014_x86_64.whl", hash = "sha256:2ce0a7a0e96bc7b42518cd3a1a6a6298ef64ff40ca4614355c1aa807059b5c6f", size = 11020539, upload-time = "2026-04-05T15:01:37.022Z" },
    { url = "https://files.pythonhosted.org/packages/20/36/5a26753802083f80cd125db6c4348ad42b3c982ec36e718e0bf4c18f75e5/ty-0.0.29-py3-none-musllinux_1_2_aarch64.whl", hash = "sha256:a6ac86a05b4a3731d45365ab97780acc7b8146fa62fccb3cbe94fe6546c67a97", size = 10396399, upload-time = "2026-04-05T15:01:26.167Z" },
    { url = "https://files.pythonhosted.org/packages/00/e6/b4e75b5752239ab3ab400f19faef4dbef81d05aab5d3419fda0c062a3765/ty-0.0.29-py3-none-musllinux_1_2_armv7l.whl", hash = "sha256:6bbbf53141af0f3150bf288d716263f1a3550054e4b3551ca866d38192ba9891", size = 10421461, upload-time = "2026-04-05T15:01:08.367Z" },
    { url = "https://files.pythonhosted.org/packages/c0/21/1084b5b609f9abed62070ec0b31c283a403832a6310c8bbc208bd45ee1e6/ty-0.0.29-py3-none-musllinux_1_2_i686.whl", hash = "sha256:1c9e06b770c1d0ff5efc51e34312390db31d53fcf3088163f413030b42b74f84", size = 10599187, upload-time = "2026-04-05T15:01:23.52Z" },
    { url = "https://files.pythonhosted.org/packages/ab/a1/ce19a2ca717bbcc1ee11378aba52ef70b6ce5b87245162a729d9fdc2360f/ty-0.0.29-py3-none-musllinux_1_2_x86_64.whl", hash = "sha256:0307fe37e3f000ef1a4ae230bbaf511508a78d24a5e51b40902a21b09d5e6037", size = 11121198, upload-time = "2026-04-05T15:01:15.22Z" },
    { url = "https://files.pythonhosted.org/packages/6b/6b/f1430b279af704321566ce7ec2725d3d8258c2f815ebd93e474c64cd4543/ty-0.0.29-py3-none-win32.whl", hash = "sha256:7a2a898217960a825f8bc0087e1fdbaf379606175e98f9807187221d53a4a8ed", size = 9995331, upload-time = "2026-04-05T15:01:01.32Z" },
    { url = "https://files.pythonhosted.org/packages/d2/ef/3ef01c17785ff9a69378465c7d0faccd48a07b163554db0995e5d65a5a23/ty-0.0.29-py3-none-win_amd64.whl", hash = "sha256:fc1294200226b91615acbf34e0a9ad81caf98c081e9c6a912a31b0a7b603bc3f", size = 11023644, upload-time = "2026-04-05T15:01:04.432Z" },
    { url = "https://files.pythonhosted.org/packages/2c/55/87280a994d6a2d2647c65e12abbc997ed49835794366153c04c4d9304d76/ty-0.0.29-py3-none-win_arm64.whl", hash = "sha256:f9794bbd1bb3ce13f78c191d0c89ae4c63f52c12b6daa0c6fe220b90d019d12c", size = 10428165, upload-time = "2026-04-05T15:01:34.665Z" },
]

[[package]]
name = "types-html5lib"
version = "1.1.11.20260408"
source = { registry = "https://pypi.org/simple" }
dependencies = [
    { name = "types-webencodings" },
]
sdist = { url = "https://files.pythonhosted.org/packages/16/59/914d00107c770e49fa57d4c4572e0371bbce14321385fd2ea3e06691b62d/types_html5lib-1.1.11.20260408.tar.gz", hash = "sha256:8a281aa367bc77dbc758358cd9bef79530f2d154eeed9b33705bb035a0dab9e4", size = 18316, upload-time = "2026-04-08T04:35:49.581Z" }
wheels = [
    { url = "https://files.pythonhosted.org/packages/61/19/12d95e98e42e120522665ec6850b38df8d2c1cca94e21c4d7f8578acb64e/types_html5lib-1.1.11.20260408-py3-none-any.whl", hash = "sha256:d18dc4b90d6d6745585790b920db13ede43e1f8ff6ee1ac0ceb0dec4223a06fa", size = 24313, upload-time = "2026-04-08T04:35:48.679Z" },
]

[[package]]
name = "types-lxml"
version = "2026.2.16"
source = { registry = "https://pypi.org/simple" }
dependencies = [
    { name = "beautifulsoup4" },
    { name = "cssselect" },
    { name = "types-html5lib" },
    { name = "typing-extensions" },
]
sdist = { url = "https://files.pythonhosted.org/packages/dd/ad/c70ac8cbdc28eb58a17301c69b4925af54b614e47f9b2ebc9de5cc10f786/types_lxml-2026.2.16.tar.gz", hash = "sha256:b3a1340cc06db98d541c785732f6f68bea438daff4e2b7809ef748d545d01406", size = 161204, upload-time = "2026-02-17T02:34:50.855Z" }
wheels = [
    { url = "https://files.pythonhosted.org/packages/5f/5c/03ec9befbf4bb5309bfd576c6a5ac1c75633f78f6b64cf1f594e97cd3d23/types_lxml-2026.2.16-py3-none-any.whl", hash = "sha256:5dd81ffa54830e5f361988737c5f1d6a0ae48b2742790637ec560df790ea0401", size = 97040, upload-time = "2026-02-17T02:34:49.286Z" },
]

[[package]]
name = "types-webencodings"
version = "0.5.0.20260408"
source = { registry = "https://pypi.org/simple" }
sdist = { url = "https://files.pythonhosted.org/packages/1c/d2/21567fac142315580ce3ee37d08a4e8819921dae833bbcd27b9f8b373799/types_webencodings-0.5.0.20260408.tar.gz", hash = "sha256:28c596619f367e43eee393d85f63e8d2fdb6874c654a8d441c37f8afe29c6d0d", size = 7504, upload-time = "2026-04-08T04:28:51.735Z" }
wheels = [
    { url = "https://files.pythonhosted.org/packages/8f/e4/f13be8f6d9a561166f7d963012d0ccc833e13aee3044c4f1a8fb1fee462a/types_webencodings-0.5.0.20260408-py3-none-any.whl", hash = "sha256:19a2afe5c22d9b1e880b49ff823c7b531f473a390fe47ac903c0bdb5cd677dd9", size = 8717, upload-time = "2026-04-08T04:28:50.943Z" },
]

[[package]]
name = "typing-extensions"
version = "4.15.0"
source = { registry = "https://pypi.org/simple" }
sdist = { url = "https://files.pythonhosted.org/packages/72/94/1a15dd82efb362ac84269196e94cf00f187f7ed21c242792a923cdb1c61f/typing_extensions-4.15.0.tar.gz", hash = "sha256:0cea48d173cc12fa28ecabc3b837ea3cf6f38c6d1136f85cbaaf598984861466", size = 109391, upload-time = "2025-08-25T13:49:26.313Z" }
wheels = [
    { url = "https://files.pythonhosted.org/packages/18/67/36e9267722cc04a6b9f15c7f3441c2363321a3ea07da7ae0c0707beb2a9c/typing_extensions-4.15.0-py3-none-any.whl", hash = "sha256:f0fa19c6845758ab08074a0cfa8b7aecb71c999ca73d62883bc25cc018c4e548", size = 44614, upload-time = "2025-08-25T13:49:24.86Z" },
]

[[package]]
name = "xlsxwriter"
version = "3.2.9"
source = { registry = "https://pypi.org/simple" }
sdist = { url = "https://files.pythonhosted.org/packages/46/2c/c06ef49dc36e7954e55b802a8b231770d286a9758b3d936bd1e04ce5ba88/xlsxwriter-3.2.9.tar.gz", hash = "sha256:254b1c37a368c444eac6e2f867405cc9e461b0ed97a3233b2ac1e574efb4140c", size = 215940, upload-time = "2025-09-16T00:16:21.63Z" }
wheels = [
    { url = "https://files.pythonhosted.org/packages/3a/0c/3662f4a66880196a590b202f0db82d919dd2f89e99a27fadef91c4a33d41/xlsxwriter-3.2.9-py3-none-any.whl", hash = "sha256:9a5db42bc5dff014806c58a20b9eae7322a134abb6fce3c92c181bfb275ec5b3", size = 175315, upload-time = "2025-09-16T00:16:20.108Z" },
]
